// !$*UTF8*$!
{
	archiveVersion = 1;
	classes = {
	};
	objectVersion = 46;
	objects = {

/* Begin PBXBuildFile section */
		AC46D5601AF4943200E2A0C3 /* main.m in Sources */ = {isa = PBXBuildFile; fileRef = AC46D55F1AF4943200E2A0C3 /* main.m */; };
		AC46D5631AF4943200E2A0C3 /* AppDelegate.m in Sources */ = {isa = PBXBuildFile; fileRef = AC46D5621AF4943200E2A0C3 /* AppDelegate.m */; };
		AC46D5691AF4943200E2A0C3 /* Main.storyboard in Resources */ = {isa = PBXBuildFile; fileRef = AC46D5671AF4943200E2A0C3 /* Main.storyboard */; };
		AC46D56B1AF4943200E2A0C3 /* Images.xcassets in Resources */ = {isa = PBXBuildFile; fileRef = AC46D56A1AF4943200E2A0C3 /* Images.xcassets */; };
		AC46D56E1AF4943200E2A0C3 /* LaunchScreen.xib in Resources */ = {isa = PBXBuildFile; fileRef = AC46D56C1AF4943200E2A0C3 /* LaunchScreen.xib */; };
		AC46D57A1AF4943200E2A0C3 /* klngrd_tjTests.m in Sources */ = {isa = PBXBuildFile; fileRef = AC46D5791AF4943200E2A0C3 /* klngrd_tjTests.m */; };
		AC46D5851AF498E900E2A0C3 /* SearchAndChooseUserTableViewController.m in Sources */ = {isa = PBXBuildFile; fileRef = AC46D5841AF498E900E2A0C3 /* SearchAndChooseUserTableViewController.m */; };
		AC46D5881AF4AD4E00E2A0C3 /* UserNameCell.m in Sources */ = {isa = PBXBuildFile; fileRef = AC46D5871AF4AD4E00E2A0C3 /* UserNameCell.m */; };
		AC46D58B1AF4DFBD00E2A0C3 /* ImagesCollectionViewController.m in Sources */ = {isa = PBXBuildFile; fileRef = AC46D58A1AF4DFBD00E2A0C3 /* ImagesCollectionViewController.m */; };
/* End PBXBuildFile section */

/* Begin PBXContainerItemProxy section */
		AC46D5741AF4943200E2A0C3 /* PBXContainerItemProxy */ = {
			isa = PBXContainerItemProxy;
			containerPortal = AC46D5521AF4943100E2A0C3 /* Project object */;
			proxyType = 1;
			remoteGlobalIDString = AC46D5591AF4943100E2A0C3;
			remoteInfo = klngrd_tj;
		};
/* End PBXContainerItemProxy section */

/* Begin PBXFileReference section */
		AC46D55A1AF4943100E2A0C3 /* klngrd_tj.app */ = {isa = PBXFileReference; explicitFileType = wrapper.application; includeInIndex = 0; path = klngrd_tj.app; sourceTree = BUILT_PRODUCTS_DIR; };
		AC46D55E1AF4943200E2A0C3 /* Info.plist */ = {isa = PBXFileReference; lastKnownFileType = text.plist.xml; path = Info.plist; sourceTree = "<group>"; };
		AC46D55F1AF4943200E2A0C3 /* main.m */ = {isa = PBXFileReference; lastKnownFileType = sourcecode.c.objc; path = main.m; sourceTree = "<group>"; };
		AC46D5611AF4943200E2A0C3 /* AppDelegate.h */ = {isa = PBXFileReference; lastKnownFileType = sourcecode.c.h; path = AppDelegate.h; sourceTree = "<group>"; };
		AC46D5621AF4943200E2A0C3 /* AppDelegate.m */ = {isa = PBXFileReference; lastKnownFileType = sourcecode.c.objc; path = AppDelegate.m; sourceTree = "<group>"; };
		AC46D5681AF4943200E2A0C3 /* Base */ = {isa = PBXFileReference; lastKnownFileType = file.storyboard; name = Base; path = Base.lproj/Main.storyboard; sourceTree = "<group>"; };
		AC46D56A1AF4943200E2A0C3 /* Images.xcassets */ = {isa = PBXFileReference; lastKnownFileType = folder.assetcatalog; path = Images.xcassets; sourceTree = "<group>"; };
		AC46D56D1AF4943200E2A0C3 /* Base */ = {isa = PBXFileReference; lastKnownFileType = file.xib; name = Base; path = Base.lproj/LaunchScreen.xib; sourceTree = "<group>"; };
		AC46D5731AF4943200E2A0C3 /* klngrd_tjTests.xctest */ = {isa = PBXFileReference; explicitFileType = wrapper.cfbundle; includeInIndex = 0; path = klngrd_tjTests.xctest; sourceTree = BUILT_PRODUCTS_DIR; };
		AC46D5781AF4943200E2A0C3 /* Info.plist */ = {isa = PBXFileReference; lastKnownFileType = text.plist.xml; path = Info.plist; sourceTree = "<group>"; };
		AC46D5791AF4943200E2A0C3 /* klngrd_tjTests.m */ = {isa = PBXFileReference; lastKnownFileType = sourcecode.c.objc; path = klngrd_tjTests.m; sourceTree = "<group>"; };
		AC46D5831AF498E900E2A0C3 /* SearchAndChooseUserTableViewController.h */ = {isa = PBXFileReference; fileEncoding = 4; lastKnownFileType = sourcecode.c.h; path = SearchAndChooseUserTableViewController.h; sourceTree = "<group>"; };
		AC46D5841AF498E900E2A0C3 /* SearchAndChooseUserTableViewController.m */ = {isa = PBXFileReference; fileEncoding = 4; lastKnownFileType = sourcecode.c.objc; path = SearchAndChooseUserTableViewController.m; sourceTree = "<group>"; };
		AC46D5861AF4AD4E00E2A0C3 /* UserNameCell.h */ = {isa = PBXFileReference; fileEncoding = 4; lastKnownFileType = sourcecode.c.h; path = UserNameCell.h; sourceTree = "<group>"; };
		AC46D5871AF4AD4E00E2A0C3 /* UserNameCell.m */ = {isa = PBXFileReference; fileEncoding = 4; lastKnownFileType = sourcecode.c.objc; path = UserNameCell.m; sourceTree = "<group>"; };
		AC46D5891AF4DFBD00E2A0C3 /* ImagesCollectionViewController.h */ = {isa = PBXFileReference; fileEncoding = 4; lastKnownFileType = sourcecode.c.h; path = ImagesCollectionViewController.h; sourceTree = "<group>"; };
		AC46D58A1AF4DFBD00E2A0C3 /* ImagesCollectionViewController.m */ = {isa = PBXFileReference; fileEncoding = 4; lastKnownFileType = sourcecode.c.objc; path = ImagesCollectionViewController.m; sourceTree = "<group>"; };
/* End PBXFileReference section */

/* Begin PBXFrameworksBuildPhase section */
		AC46D5571AF4943100E2A0C3 /* Frameworks */ = {
			isa = PBXFrameworksBuildPhase;
			buildActionMask = 2147483647;
			files = (
			);
			runOnlyForDeploymentPostprocessing = 0;
		};
		AC46D5701AF4943200E2A0C3 /* Frameworks */ = {
			isa = PBXFrameworksBuildPhase;
			buildActionMask = 2147483647;
			files = (
			);
			runOnlyForDeploymentPostprocessing = 0;
		};
/* End PBXFrameworksBuildPhase section */

/* Begin PBXGroup section */
		AC46D5511AF4943100E2A0C3 = {
			isa = PBXGroup;
			children = (
				AC46D55C1AF4943200E2A0C3 /* klngrd_tj */,
				AC46D5761AF4943200E2A0C3 /* klngrd_tjTests */,
				AC46D55B1AF4943100E2A0C3 /* Products */,
			);
			sourceTree = "<group>";
		};
		AC46D55B1AF4943100E2A0C3 /* Products */ = {
			isa = PBXGroup;
			children = (
				AC46D55A1AF4943100E2A0C3 /* klngrd_tj.app */,
				AC46D5731AF4943200E2A0C3 /* klngrd_tjTests.xctest */,
			);
			name = Products;
			sourceTree = "<group>";
		};
		AC46D55C1AF4943200E2A0C3 /* klngrd_tj */ = {
			isa = PBXGroup;
			children = (
				AC46D5611AF4943200E2A0C3 /* AppDelegate.h */,
				AC46D5621AF4943200E2A0C3 /* AppDelegate.m */,
				AC46D5671AF4943200E2A0C3 /* Main.storyboard */,
				AC46D56A1AF4943200E2A0C3 /* Images.xcassets */,
				AC46D56C1AF4943200E2A0C3 /* LaunchScreen.xib */,
				AC46D55D1AF4943200E2A0C3 /* Supporting Files */,
				AC46D5831AF498E900E2A0C3 /* SearchAndChooseUserTableViewController.h */,
				AC46D5841AF498E900E2A0C3 /* SearchAndChooseUserTableViewController.m */,
				AC46D5861AF4AD4E00E2A0C3 /* UserNameCell.h */,
				AC46D5871AF4AD4E00E2A0C3 /* UserNameCell.m */,
				AC46D5891AF4DFBD00E2A0C3 /* ImagesCollectionViewController.h */,
				AC46D58A1AF4DFBD00E2A0C3 /* ImagesCollectionViewController.m */,
			);
			path = klngrd_tj;
			sourceTree = "<group>";
		};
		AC46D55D1AF4943200E2A0C3 /* Supporting Files */ = {
			isa = PBXGroup;
			children = (
				AC46D55E1AF4943200E2A0C3 /* Info.plist */,
				AC46D55F1AF4943200E2A0C3 /* main.m */,
			);
			name = "Supporting Files";
			sourceTree = "<group>";
		};
		AC46D5761AF4943200E2A0C3 /* klngrd_tjTests */ = {
			isa = PBXGroup;
			children = (
				AC46D5791AF4943200E2A0C3 /* klngrd_tjTests.m */,
				AC46D5771AF4943200E2A0C3 /* Supporting Files */,
			);
			path = klngrd_tjTests;
			sourceTree = "<group>";
		};
		AC46D5771AF4943200E2A0C3 /* Supporting Files */ = {
			isa = PBXGroup;
			children = (
				AC46D5781AF4943200E2A0C3 /* Info.plist */,
			);
			name = "Supporting Files";
			sourceTree = "<group>";
		};
/* End PBXGroup section */

/* Begin PBXNativeTarget section */
		AC46D5591AF4943100E2A0C3 /* klngrd_tj */ = {
			isa = PBXNativeTarget;
			buildConfigurationList = AC46D57D1AF4943200E2A0C3 /* Build configuration list for PBXNativeTarget "klngrd_tj" */;
			buildPhases = (
				AC46D5561AF4943100E2A0C3 /* Sources */,
				AC46D5571AF4943100E2A0C3 /* Frameworks */,
				AC46D5581AF4943100E2A0C3 /* Resources */,
			);
			buildRules = (
			);
			dependencies = (
			);
			name = klngrd_tj;
			productName = klngrd_tj;
			productReference = AC46D55A1AF4943100E2A0C3 /* klngrd_tj.app */;
			productType = "com.apple.product-type.application";
		};
		AC46D5721AF4943200E2A0C3 /* klngrd_tjTests */ = {
			isa = PBXNativeTarget;
			buildConfigurationList = AC46D5801AF4943200E2A0C3 /* Build configuration list for PBXNativeTarget "klngrd_tjTests" */;
			buildPhases = (
				AC46D56F1AF4943200E2A0C3 /* Sources */,
				AC46D5701AF4943200E2A0C3 /* Frameworks */,
				AC46D5711AF4943200E2A0C3 /* Resources */,
			);
			buildRules = (
			);
			dependencies = (
				AC46D5751AF4943200E2A0C3 /* PBXTargetDependency */,
			);
			name = klngrd_tjTests;
			productName = klngrd_tjTests;
			productReference = AC46D5731AF4943200E2A0C3 /* klngrd_tjTests.xctest */;
			productType = "com.apple.product-type.bundle.unit-test";
		};
/* End PBXNativeTarget section */

/* Begin PBXProject section */
		AC46D5521AF4943100E2A0C3 /* Project object */ = {
			isa = PBXProject;
			attributes = {
				LastUpgradeCheck = 0610;
				ORGANIZATIONNAME = sald.in;
				TargetAttributes = {
					AC46D5591AF4943100E2A0C3 = {
						CreatedOnToolsVersion = 6.1.1;
					};
					AC46D5721AF4943200E2A0C3 = {
						CreatedOnToolsVersion = 6.1.1;
						TestTargetID = AC46D5591AF4943100E2A0C3;
					};
				};
			};
			buildConfigurationList = AC46D5551AF4943100E2A0C3 /* Build configuration list for PBXProject "klngrd_tj" */;
			compatibilityVersion = "Xcode 3.2";
			developmentRegion = English;
			hasScannedForEncodings = 0;
			knownRegions = (
				en,
				Base,
			);
			mainGroup = AC46D5511AF4943100E2A0C3;
			productRefGroup = AC46D55B1AF4943100E2A0C3 /* Products */;
			projectDirPath = "";
			projectRoot = "";
			targets = (
				AC46D5591AF4943100E2A0C3 /* klngrd_tj */,
				AC46D5721AF4943200E2A0C3 /* klngrd_tjTests */,
			);
		};
/* End PBXProject section */

/* Begin PBXResourcesBuildPhase section */
		AC46D5581AF4943100E2A0C3 /* Resources */ = {
			isa = PBXResourcesBuildPhase;
			buildActionMask = 2147483647;
			files = (
				AC46D5691AF4943200E2A0C3 /* Main.storyboard in Resources */,
				AC46D56E1AF4943200E2A0C3 /* LaunchScreen.xib in Resources */,
				AC46D56B1AF4943200E2A0C3 /* Images.xcassets in Resources */,
			);
			runOnlyForDeploymentPostprocessing = 0;
		};
		AC46D5711AF4943200E2A0C3 /* Resources */ = {
			isa = PBXResourcesBuildPhase;
			buildActionMask = 2147483647;
			files = (
			);
			runOnlyForDeploymentPostprocessing = 0;
		};
/* End PBXResourcesBuildPhase section */

/* Begin PBXSourcesBuildPhase section */
		AC46D5561AF4943100E2A0C3 /* Sources */ = {
			isa = PBXSourcesBuildPhase;
			buildActionMask = 2147483647;
			files = (
				AC46D5631AF4943200E2A0C3 /* AppDelegate.m in Sources */,
				AC46D5881AF4AD4E00E2A0C3 /* UserNameCell.m in Sources */,
				AC46D5851AF498E900E2A0C3 /* SearchAndChooseUserTableViewController.m in Sources */,
				AC46D58B1AF4DFBD00E2A0C3 /* ImagesCollectionViewController.m in Sources */,
				AC46D5601AF4943200E2A0C3 /* main.m in Sources */,
			);
			runOnlyForDeploymentPostprocessing = 0;
		};
		AC46D56F1AF4943200E2A0C3 /* Sources */ = {
			isa = PBXSourcesBuildPhase;
			buildActionMask = 2147483647;
			files = (
				AC46D57A1AF4943200E2A0C3 /* klngrd_tjTests.m in Sources */,
			);
			runOnlyForDeploymentPostprocessing = 0;
		};
/* End PBXSourcesBuildPhase section */

/* Begin PBXTargetDependency section */
		AC46D5751AF4943200E2A0C3 /* PBXTargetDependency */ = {
			isa = PBXTargetDependency;
			target = AC46D5591AF4943100E2A0C3 /* klngrd_tj */;
			targetProxy = AC46D5741AF4943200E2A0C3 /* PBXContainerItemProxy */;
		};
/* End PBXTargetDependency section */

/* Begin PBXVariantGroup section */
		AC46D5671AF4943200E2A0C3 /* Main.storyboard */ = {
			isa = PBXVariantGroup;
			children = (
				AC46D5681AF4943200E2A0C3 /* Base */,
			);
			name = Main.storyboard;
			sourceTree = "<group>";
		};
		AC46D56C1AF4943200E2A0C3 /* LaunchScreen.xib */ = {
			isa = PBXVariantGroup;
			children = (
				AC46D56D1AF4943200E2A0C3 /* Base */,
			);
			name = LaunchScreen.xib;
			sourceTree = "<group>";
		};
/* End PBXVariantGroup section */

/* Begin XCBuildConfiguration section */
		AC46D57B1AF4943200E2A0C3 /* Debug */ = {
			isa = XCBuildConfiguration;
			buildSettings = {
				ALWAYS_SEARCH_USER_PATHS = NO;
				CLANG_CXX_LANGUAGE_STANDARD = "gnu++0x";
				CLANG_CXX_LIBRARY = "libc++";
				CLANG_ENABLE_MODULES = YES;
				CLANG_ENABLE_OBJC_ARC = YES;
				CLANG_WARN_BOOL_CONVERSION = YES;
				CLANG_WARN_CONSTANT_CONVERSION = YES;
				CLANG_WARN_DIRECT_OBJC_ISA_USAGE = YES_ERROR;
				CLANG_WARN_EMPTY_BODY = YES;
				CLANG_WARN_ENUM_CONVERSION = YES;
				CLANG_WARN_INT_CONVERSION = YES;
				CLANG_WARN_OBJC_ROOT_CLASS = YES_ERROR;
				CLANG_WARN_UNREACHABLE_CODE = YES;
				CLANG_WARN__DUPLICATE_METHOD_MATCH = YES;
				"CODE_SIGN_IDENTITY[sdk=iphoneos*]" = "iPhone Developer";
				COPY_PHASE_STRIP = NO;
				ENABLE_STRICT_OBJC_MSGSEND = YES;
				GCC_C_LANGUAGE_STANDARD = gnu99;
				GCC_DYNAMIC_NO_PIC = NO;
				GCC_OPTIMIZATION_LEVEL = 0;
				GCC_PREPROCESSOR_DEFINITIONS = (
					"DEBUG=1",
					"$(inherited)",
				);
				GCC_SYMBOLS_PRIVATE_EXTERN = NO;
				GCC_WARN_64_TO_32_BIT_CONVERSION = YES;
				GCC_WARN_ABOUT_RETURN_TYPE = YES_ERROR;
				GCC_WARN_UNDECLARED_SELECTOR = YES;
				GCC_WARN_UNINITIALIZED_AUTOS = YES_AGGRESSIVE;
				GCC_WARN_UNUSED_FUNCTION = YES;
				GCC_WARN_UNUSED_VARIABLE = YES;
				IPHONEOS_DEPLOYMENT_TARGET = 8.1;
				MTL_ENABLE_DEBUG_INFO = YES;
				ONLY_ACTIVE_ARCH = YES;
				SDKROOT = iphoneos;
			};
			name = Debug;
		};
		AC46D57C1AF4943200E2A0C3 /* Release */ = {
			isa = XCBuildConfiguration;
			buildSettings = {
				ALWAYS_SEARCH_USER_PATHS = NO;
				CLANG_CXX_LANGUAGE_STANDARD = "gnu++0x";
				CLANG_CXX_LIBRARY = "libc++";
				CLANG_ENABLE_MODULES = YES;
				CLANG_ENABLE_OBJC_ARC = YES;
				CLANG_WARN_BOOL_CONVERSION = YES;
				CLANG_WARN_CONSTANT_CONVERSION = YES;
				CLANG_WARN_DIRECT_OBJC_ISA_USAGE = YES_ERROR;
				CLANG_WARN_EMPTY_BODY = YES;
				CLANG_WARN_ENUM_CONVERSION = YES;
				CLANG_WARN_INT_CONVERSION = YES;
				CLANG_WARN_OBJC_ROOT_CLASS = YES_ERROR;
				CLANG_WARN_UNREACHABLE_CODE = YES;
				CLANG_WARN__DUPLICATE_METHOD_MATCH = YES;
				"CODE_SIGN_IDENTITY[sdk=iphoneos*]" = "iPhone Developer";
				COPY_PHASE_STRIP = YES;
				ENABLE_NS_ASSERTIONS = NO;
				ENABLE_STRICT_OBJC_MSGSEND = YES;
				GCC_C_LANGUAGE_STANDARD = gnu99;
				GCC_WARN_64_TO_32_BIT_CONVERSION = YES;
				GCC_WARN_ABOUT_RETURN_TYPE = YES_ERROR;
				GCC_WARN_UNDECLARED_SELECTOR = YES;
				GCC_WARN_UNINITIALIZED_AUTOS = YES_AGGRESSIVE;
				GCC_WARN_UNUSED_FUNCTION = YES;
				GCC_WARN_UNUSED_VARIABLE = YES;
				IPHONEOS_DEPLOYMENT_TARGET = 8.1;
				MTL_ENABLE_DEBUG_INFO = NO;
				SDKROOT = iphoneos;
				VALIDATE_PRODUCT = YES;
			};
			name = Release;
		};
		AC46D57E1AF4943200E2A0C3 /* Debug */ = {
			isa = XCBuildConfiguration;
			buildSettings = {
				ASSETCATALOG_COMPILER_APPICON_NAME = AppIcon;
				INFOPLIST_FILE = klngrd_tj/Info.plist;
				LD_RUNPATH_SEARCH_PATHS = "$(inherited) @executable_path/Frameworks";
				PRODUCT_NAME = "$(TARGET_NAME)";
			};
			name = Debug;
		};
		AC46D57F1AF4943200E2A0C3 /* Release */ = {
			isa = XCBuildConfiguration;
			buildSettings = {
				ASSETCATALOG_COMPILER_APPICON_NAME = AppIcon;
				INFOPLIST_FILE = klngrd_tj/Info.plist;
				LD_RUNPATH_SEARCH_PATHS = "$(inherited) @executable_path/Frameworks";
				PRODUCT_NAME = "$(TARGET_NAME)";
			};
			name = Release;
		};
		AC46D5811AF4943200E2A0C3 /* Debug */ = {
			isa = XCBuildConfiguration;
			buildSettings = {
				BUNDLE_LOADER = "$(TEST_HOST)";
				FRAMEWORK_SEARCH_PATHS = (
					"$(SDKROOT)/Developer/Library/Frameworks",
					"$(inherited)",
				);
				GCC_PREPROCESSOR_DEFINITIONS = (
					"DEBUG=1",
					"$(inherited)",
				);
				INFOPLIST_FILE = klngrd_tjTests/Info.plist;
				LD_RUNPATH_SEARCH_PATHS = "$(inherited) @executable_path/Frameworks @loader_path/Frameworks";
				PRODUCT_NAME = "$(TARGET_NAME)";
				TEST_HOST = "$(BUILT_PRODUCTS_DIR)/klngrd_tj.app/klngrd_tj";
			};
			name = Debug;
		};
		AC46D5821AF4943200E2A0C3 /* Release */ = {
			isa = XCBuildConfiguration;
			buildSettings = {
				BUNDLE_LOADER = "$(TEST_HOST)";
				FRAMEWORK_SEARCH_PATHS = (
					"$(SDKROOT)/Developer/Library/Frameworks",
					"$(inherited)",
				);
				INFOPLIST_FILE = klngrd_tjTests/Info.plist;
				LD_RUNPATH_SEARCH_PATHS = "$(inherited) @executable_path/Frameworks @loader_path/Frameworks";
				PRODUCT_NAME = "$(TARGET_NAME)";
				TEST_HOST = "$(BUILT_PRODUCTS_DIR)/klngrd_tj.app/klngrd_tj";
			};
			name = Release;
		};
/* End XCBuildConfiguration section */

/* Begin XCConfigurationList section */
		AC46D5551AF4943100E2A0C3 /* Build configuration list for PBXProject "klngrd_tj" */ = {
			isa = XCConfigurationList;
			buildConfigurations = (
				AC46D57B1AF4943200E2A0C3 /* Debug */,
				AC46D57C1AF4943200E2A0C3 /* Release */,
			);
			defaultConfigurationIsVisible = 0;
			defaultConfigurationName = Release;
		};
		AC46D57D1AF4943200E2A0C3 /* Build configuration list for PBXNativeTarget "klngrd_tj" */ = {
			isa = XCConfigurationList;
			buildConfigurations = (
				AC46D57E1AF4943200E2A0C3 /* Debug */,
				AC46D57F1AF4943200E2A0C3 /* Release */,
			);
			defaultConfigurationIsVisible = 0;
		};
		AC46D5801AF4943200E2A0C3 /* Build configuration list for PBXNativeTarget "klngrd_tjTests" */ = {
			isa = XCConfigurationList;
			buildConfigurations = (
				AC46D5811AF4943200E2A0C3 /* Debug */,
				AC46D5821AF4943200E2A0C3 /* Release */,
			);
			defaultConfigurationIsVisible = 0;
		};
/* End XCConfigurationList section */
	};
	rootObject = AC46D5521AF4943100E2A0C3 /* Project object */;
}
